// !$*UTF8*$!
{
	archiveVersion = 1;
	classes = {
	};
	objectVersion = 50;
	objects = {

/* Begin PBXBuildFile section */
		F166F30522E373A20012CD4C /* GoogleUtilities.framework in Frameworks */ = {isa = PBXBuildFile; fileRef = F166F30122E373A10012CD4C /* GoogleUtilities.framework */; };
		F166F30622E373A20012CD4C /* GoogleMobileAds.framework in Frameworks */ = {isa = PBXBuildFile; fileRef = F166F30222E373A20012CD4C /* GoogleMobileAds.framework */; };
		F166F30722E373A20012CD4C /* GoogleAppMeasurement.framework in Frameworks */ = {isa = PBXBuildFile; fileRef = F166F30322E373A20012CD4C /* GoogleAppMeasurement.framework */; };
		F166F30822E373A20012CD4C /* nanopb.framework in Frameworks */ = {isa = PBXBuildFile; fileRef = F166F30422E373A20012CD4C /* nanopb.framework */; };
		F19A38A822E30C0A005EE895 /* AppDelegate.swift in Sources */ = {isa = PBXBuildFile; fileRef = F19A38A722E30C0A005EE895 /* AppDelegate.swift */; };
		F19A38AA22E30C0A005EE895 /* ViewController.swift in Sources */ = {isa = PBXBuildFile; fileRef = F19A38A922E30C0A005EE895 /* ViewController.swift */; };
		F19A38AD22E30C0A005EE895 /* Main.storyboard in Resources */ = {isa = PBXBuildFile; fileRef = F19A38AB22E30C0A005EE895 /* Main.storyboard */; };
		F19A38AF22E30C0C005EE895 /* Assets.xcassets in Resources */ = {isa = PBXBuildFile; fileRef = F19A38AE22E30C0C005EE895 /* Assets.xcassets */; };
		F19A38B222E30C0C005EE895 /* LaunchScreen.storyboard in Resources */ = {isa = PBXBuildFile; fileRef = F19A38B022E30C0C005EE895 /* LaunchScreen.storyboard */; };
/* End PBXBuildFile section */

/* Begin PBXFileReference section */
		F166F30122E373A10012CD4C /* GoogleUtilities.framework */ = {isa = PBXFileReference; lastKnownFileType = wrapper.framework; path = GoogleUtilities.framework; sourceTree = SOURCE_ROOT; };
		F166F30222E373A20012CD4C /* GoogleMobileAds.framework */ = {isa = PBXFileReference; lastKnownFileType = wrapper.framework; path = GoogleMobileAds.framework; sourceTree = SOURCE_ROOT; };
		F166F30322E373A20012CD4C /* GoogleAppMeasurement.framework */ = {isa = PBXFileReference; lastKnownFileType = wrapper.framework; path = GoogleAppMeasurement.framework; sourceTree = SOURCE_ROOT; };
		F166F30422E373A20012CD4C /* nanopb.framework */ = {isa = PBXFileReference; lastKnownFileType = wrapper.framework; path = nanopb.framework; sourceTree = SOURCE_ROOT; };
		F19A38A422E30C0A005EE895 /* tic tac toe.app */ = {isa = PBXFileReference; explicitFileType = wrapper.application; includeInIndex = 0; path = "tic tac toe.app"; sourceTree = BUILT_PRODUCTS_DIR; };
		F19A38A722E30C0A005EE895 /* AppDelegate.swift */ = {isa = PBXFileReference; lastKnownFileType = sourcecode.swift; path = AppDelegate.swift; sourceTree = "<group>"; };
		F19A38A922E30C0A005EE895 /* ViewController.swift */ = {isa = PBXFileReference; lastKnownFileType = sourcecode.swift; path = ViewController.swift; sourceTree = "<group>"; };
		F19A38AC22E30C0A005EE895 /* Base */ = {isa = PBXFileReference; lastKnownFileType = file.storyboard; name = Base; path = Base.lproj/Main.storyboard; sourceTree = "<group>"; };
		F19A38AE22E30C0C005EE895 /* Assets.xcassets */ = {isa = PBXFileReference; lastKnownFileType = folder.assetcatalog; path = Assets.xcassets; sourceTree = "<group>"; };
		F19A38B122E30C0C005EE895 /* Base */ = {isa = PBXFileReference; lastKnownFileType = file.storyboard; name = Base; path = Base.lproj/LaunchScreen.storyboard; sourceTree = "<group>"; };
		F19A38B322E30C0C005EE895 /* Info.plist */ = {isa = PBXFileReference; lastKnownFileType = text.plist.xml; path = Info.plist; sourceTree = "<group>"; };
/* End PBXFileReference section */

/* Begin PBXFrameworksBuildPhase section */
		F19A38A122E30C0A005EE895 /* Frameworks */ = {
			isa = PBXFrameworksBuildPhase;
			buildActionMask = 2147483647;
			files = (
				F166F30622E373A20012CD4C /* GoogleMobileAds.framework in Frameworks */,
				F166F30522E373A20012CD4C /* GoogleUtilities.framework in Frameworks */,
				F166F30822E373A20012CD4C /* nanopb.framework in Frameworks */,
				F166F30722E373A20012CD4C /* GoogleAppMeasurement.framework in Frameworks */,
			);
			runOnlyForDeploymentPostprocessing = 0;
		};
/* End PBXFrameworksBuildPhase section */

/* Begin PBXGroup section */
		F19A389B22E30C0A005EE895 = {
			isa = PBXGroup;
			children = (
				F19A38A622E30C0A005EE895 /* tic tac toe */,
				F19A38A522E30C0A005EE895 /* Products */,
			);
			sourceTree = "<group>";
		};
		F19A38A522E30C0A005EE895 /* Products */ = {
			isa = PBXGroup;
			children = (
				F19A38A422E30C0A005EE895 /* tic tac toe.app */,
			);
			name = Products;
			sourceTree = "<group>";
		};
		F19A38A622E30C0A005EE895 /* tic tac toe */ = {
			isa = PBXGroup;
			children = (
				F166F30322E373A20012CD4C /* GoogleAppMeasurement.framework */,
				F166F30222E373A20012CD4C /* GoogleMobileAds.framework */,
				F166F30122E373A10012CD4C /* GoogleUtilities.framework */,
				F166F30422E373A20012CD4C /* nanopb.framework */,
				F19A38A722E30C0A005EE895 /* AppDelegate.swift */,
				F19A38A922E30C0A005EE895 /* ViewController.swift */,
				F19A38AB22E30C0A005EE895 /* Main.storyboard */,
				F19A38AE22E30C0C005EE895 /* Assets.xcassets */,
				F19A38B022E30C0C005EE895 /* LaunchScreen.storyboard */,
				F19A38B322E30C0C005EE895 /* Info.plist */,
			);
			path = "tic tac toe";
			sourceTree = "<group>";
		};
/* End PBXGroup section */

/* Begin PBXNativeTarget section */
		F19A38A322E30C0A005EE895 /* tic tac toe */ = {
			isa = PBXNativeTarget;
			buildConfigurationList = F19A38B622E30C0C005EE895 /* Build configuration list for PBXNativeTarget "tic tac toe" */;
			buildPhases = (
				F19A38A022E30C0A005EE895 /* Sources */,
				F19A38A122E30C0A005EE895 /* Frameworks */,
				F19A38A222E30C0A005EE895 /* Resources */,
			);
			buildRules = (
			);
			dependencies = (
			);
			name = "tic tac toe";
			productName = "tic tac toe";
			productReference = F19A38A422E30C0A005EE895 /* tic tac toe.app */;
			productType = "com.apple.product-type.application";
		};
/* End PBXNativeTarget section */

/* Begin PBXProject section */
		F19A389C22E30C0A005EE895 /* Project object */ = {
			isa = PBXProject;
			attributes = {
				LastSwiftUpdateCheck = 1020;
				LastUpgradeCheck = 1020;
				ORGANIZATIONNAME = Nechan;
				TargetAttributes = {
					F19A38A322E30C0A005EE895 = {
						CreatedOnToolsVersion = 10.2.1;
					};
				};
			};
			buildConfigurationList = F19A389F22E30C0A005EE895 /* Build configuration list for PBXProject "tic tac toe" */;
			compatibilityVersion = "Xcode 9.3";
			developmentRegion = en;
			hasScannedForEncodings = 0;
			knownRegions = (
				en,
				Base,
			);
			mainGroup = F19A389B22E30C0A005EE895;
			productRefGroup = F19A38A522E30C0A005EE895 /* Products */;
			projectDirPath = "";
			projectRoot = "";
			targets = (
				F19A38A322E30C0A005EE895 /* tic tac toe */,
			);
		};
/* End PBXProject section */

/* Begin PBXResourcesBuildPhase section */
		F19A38A222E30C0A005EE895 /* Resources */ = {
			isa = PBXResourcesBuildPhase;
			buildActionMask = 2147483647;
			files = (
				F19A38B222E30C0C005EE895 /* LaunchScreen.storyboard in Resources */,
				F19A38AF22E30C0C005EE895 /* Assets.xcassets in Resources */,
				F19A38AD22E30C0A005EE895 /* Main.storyboard in Resources */,
			);
			runOnlyForDeploymentPostprocessing = 0;
		};
/* End PBXResourcesBuildPhase section */

/* Begin PBXSourcesBuildPhase section */
		F19A38A022E30C0A005EE895 /* Sources */ = {
			isa = PBXSourcesBuildPhase;
			buildActionMask = 2147483647;
			files = (
				F19A38AA22E30C0A005EE895 /* ViewController.swift in Sources */,
				F19A38A822E30C0A005EE895 /* AppDelegate.swift in Sources */,
			);
			runOnlyForDeploymentPostprocessing = 0;
		};
/* End PBXSourcesBuildPhase section */

/* Begin PBXVariantGroup section */
		F19A38AB22E30C0A005EE895 /* Main.storyboard */ = {
			isa = PBXVariantGroup;
			children = (
				F19A38AC22E30C0A005EE895 /* Base */,
			);
			name = Main.storyboard;
			sourceTree = "<group>";
		};
		F19A38B022E30C0C005EE895 /* LaunchScreen.storyboard */ = {
			isa = PBXVariantGroup;
			children = (
				F19A38B122E30C0C005EE895 /* Base */,
			);
			name = LaunchScreen.storyboard;
			sourceTree = "<group>";
		};
/* End PBXVariantGroup section */

/* Begin XCBuildConfiguration section */
		F19A38B422E30C0C005EE895 /* Debug */ = {
			isa = XCBuildConfiguration;
			buildSettings = {
				ALWAYS_SEARCH_USER_PATHS = NO;
				CLANG_ANALYZER_NONNULL = YES;
				CLANG_ANALYZER_NUMBER_OBJECT_CONVERSION = YES_AGGRESSIVE;
				CLANG_CXX_LANGUAGE_STANDARD = "gnu++14";
				CLANG_CXX_LIBRARY = "libc++";
				CLANG_ENABLE_MODULES = YES;
				CLANG_ENABLE_OBJC_ARC = YES;
				CLANG_ENABLE_OBJC_WEAK = YES;
				CLANG_WARN_BLOCK_CAPTURE_AUTORELEASING = YES;
				CLANG_WARN_BOOL_CONVERSION = YES;
				CLANG_WARN_COMMA = YES;
				CLANG_WARN_CONSTANT_CONVERSION = YES;
				CLANG_WARN_DEPRECATED_OBJC_IMPLEMENTATIONS = YES;
				CLANG_WARN_DIRECT_OBJC_ISA_USAGE = YES_ERROR;
				CLANG_WARN_DOCUMENTATION_COMMENTS = YES;
				CLANG_WARN_EMPTY_BODY = YES;
				CLANG_WARN_ENUM_CONVERSION = YES;
				CLANG_WARN_INFINITE_RECURSION = YES;
				CLANG_WARN_INT_CONVERSION = YES;
				CLANG_WARN_NON_LITERAL_NULL_CONVERSION = YES;
				CLANG_WARN_OBJC_IMPLICIT_RETAIN_SELF = YES;
				CLANG_WARN_OBJC_LITERAL_CONVERSION = YES;
				CLANG_WARN_OBJC_ROOT_CLASS = YES_ERROR;
				CLANG_WARN_RANGE_LOOP_ANALYSIS = YES;
				CLANG_WARN_STRICT_PROTOTYPES = YES;
				CLANG_WARN_SUSPICIOUS_MOVE = YES;
				CLANG_WARN_UNGUARDED_AVAILABILITY = YES_AGGRESSIVE;
				CLANG_WARN_UNREACHABLE_CODE = YES;
				CLANG_WARN__DUPLICATE_METHOD_MATCH = YES;
				CODE_SIGN_IDENTITY = "iPhone Developer";
				COPY_PHASE_STRIP = NO;
				DEBUG_INFORMATION_FORMAT = dwarf;
				ENABLE_STRICT_OBJC_MSGSEND = YES;
				ENABLE_TESTABILITY = YES;
				GCC_C_LANGUAGE_STANDARD = gnu11;
				GCC_DYNAMIC_NO_PIC = NO;
				GCC_NO_COMMON_BLOCKS = YES;
				GCC_OPTIMIZATION_LEVEL = 0;
				GCC_PREPROCESSOR_DEFINITIONS = (
					"DEBUG=1",
					"$(inherited)",
				);
				GCC_WARN_64_TO_32_BIT_CONVERSION = YES;
				GCC_WARN_ABOUT_RETURN_TYPE = YES_ERROR;
				GCC_WARN_UNDECLARED_SELECTOR = YES;
				GCC_WARN_UNINITIALIZED_AUTOS = YES_AGGRESSIVE;
				GCC_WARN_UNUSED_FUNCTION = YES;
				GCC_WARN_UNUSED_VARIABLE = YES;
				IPHONEOS_DEPLOYMENT_TARGET = 13.2;
				MTL_ENABLE_DEBUG_INFO = INCLUDE_SOURCE;
				MTL_FAST_MATH = YES;
				ONLY_ACTIVE_ARCH = YES;
				OTHER_LDFLAGS = "-ObjC";
				SDKROOT = iphoneos;
				SWIFT_ACTIVE_COMPILATION_CONDITIONS = DEBUG;
				SWIFT_OPTIMIZATION_LEVEL = "-Onone";
			};
			name = Debug;
		};
		F19A38B522E30C0C005EE895 /* Release */ = {
			isa = XCBuildConfiguration;
			buildSettings = {
				ALWAYS_SEARCH_USER_PATHS = NO;
				CLANG_ANALYZER_NONNULL = YES;
				CLANG_ANALYZER_NUMBER_OBJECT_CONVERSION = YES_AGGRESSIVE;
				CLANG_CXX_LANGUAGE_STANDARD = "gnu++14";
				CLANG_CXX_LIBRARY = "libc++";
				CLANG_ENABLE_MODULES = YES;
				CLANG_ENABLE_OBJC_ARC = YES;
				CLANG_ENABLE_OBJC_WEAK = YES;
				CLANG_WARN_BLOCK_CAPTURE_AUTORELEASING = YES;
				CLANG_WARN_BOOL_CONVERSION = YES;
				CLANG_WARN_COMMA = YES;
				CLANG_WARN_CONSTANT_CONVERSION = YES;
				CLANG_WARN_DEPRECATED_OBJC_IMPLEMENTATIONS = YES;
				CLANG_WARN_DIRECT_OBJC_ISA_USAGE = YES_ERROR;
				CLANG_WARN_DOCUMENTATION_COMMENTS = YES;
				CLANG_WARN_EMPTY_BODY = YES;
				CLANG_WARN_ENUM_CONVERSION = YES;
				CLANG_WARN_INFINITE_RECURSION = YES;
				CLANG_WARN_INT_CONVERSION = YES;
				CLANG_WARN_NON_LITERAL_NULL_CONVERSION = YES;
				CLANG_WARN_OBJC_IMPLICIT_RETAIN_SELF = YES;
				CLANG_WARN_OBJC_LITERAL_CONVERSION = YES;
				CLANG_WARN_OBJC_ROOT_CLASS = YES_ERROR;
				CLANG_WARN_RANGE_LOOP_ANALYSIS = YES;
				CLANG_WARN_STRICT_PROTOTYPES = YES;
				CLANG_WARN_SUSPICIOUS_MOVE = YES;
				CLANG_WARN_UNGUARDED_AVAILABILITY = YES_AGGRESSIVE;
				CLANG_WARN_UNREACHABLE_CODE = YES;
				CLANG_WARN__DUPLICATE_METHOD_MATCH = YES;
				CODE_SIGN_IDENTITY = "iPhone Developer";
				COPY_PHASE_STRIP = NO;
				DEBUG_INFORMATION_FORMAT = "dwarf-with-dsym";
				ENABLE_NS_ASSERTIONS = NO;
				ENABLE_STRICT_OBJC_MSGSEND = YES;
				GCC_C_LANGUAGE_STANDARD = gnu11;
				GCC_NO_COMMON_BLOCKS = YES;
				GCC_WARN_64_TO_32_BIT_CONVERSION = YES;
				GCC_WARN_ABOUT_RETURN_TYPE = YES_ERROR;
				GCC_WARN_UNDECLARED_SELECTOR = YES;
				GCC_WARN_UNINITIALIZED_AUTOS = YES_AGGRESSIVE;
				GCC_WARN_UNUSED_FUNCTION = YES;
				GCC_WARN_UNUSED_VARIABLE = YES;
				IPHONEOS_DEPLOYMENT_TARGET = 13.2;
				MTL_ENABLE_DEBUG_INFO = NO;
				MTL_FAST_MATH = YES;
				OTHER_LDFLAGS = "-ObjC";
				SDKROOT = iphoneos;
				SWIFT_COMPILATION_MODE = wholemodule;
				SWIFT_OPTIMIZATION_LEVEL = "-O";
				VALIDATE_PRODUCT = YES;
			};
			name = Release;
		};
		F19A38B722E30C0C005EE895 /* Debug */ = {
			isa = XCBuildConfiguration;
			buildSettings = {
				ASSETCATALOG_COMPILER_APPICON_NAME = AppIcon;
				CODE_SIGN_STYLE = Automatic;
				CURRENT_PROJECT_VERSION = 1;
				DEVELOPMENT_TEAM = SG7W5VDYUQ;
				FRAMEWORK_SEARCH_PATHS = (
					"$(inherited)",
					"$(PROJECT_DIR)/tic\\ tac\\ toe",
					"$(PROJECT_DIR)/tic\\ tac\\ toe",
					"$(PROJECT_DIR)/tic\\ tac\\ toe",
					"$(PROJECT_DIR)/tic\\ tac\\ toe",
					"$(PROJECT_DIR)",
				);
				INFOPLIST_FILE = "tic tac toe/Info.plist";
				LD_RUNPATH_SEARCH_PATHS = (
					"$(inherited)",
					"@executable_path/Frameworks",
				);
				MARKETING_VERSION = 2.0;
				PRODUCT_BUNDLE_IDENTIFIER = com.hoge.game.marubatsu;
				PRODUCT_NAME = "$(TARGET_NAME)";
				SWIFT_VERSION = 5.0;
				TARGETED_DEVICE_FAMILY = "1,2";
			};
			name = Debug;
		};
		F19A38B822E30C0C005EE895 /* Release */ = {
			isa = XCBuildConfiguration;
			buildSettings = {
				ASSETCATALOG_COMPILER_APPICON_NAME = AppIcon;
				CODE_SIGN_STYLE = Automatic;
				CURRENT_PROJECT_VERSION = 1;
				DEVELOPMENT_TEAM = SG7W5VDYUQ;
				FRAMEWORK_SEARCH_PATHS = (
					"$(inherited)",
					"$(PROJECT_DIR)/tic\\ tac\\ toe",
					"$(PROJECT_DIR)/tic\\ tac\\ toe",
					"$(PROJECT_DIR)/tic\\ tac\\ toe",
					"$(PROJECT_DIR)/tic\\ tac\\ toe",
					"$(PROJECT_DIR)",
				);
				INFOPLIST_FILE = "tic tac toe/Info.plist";
				LD_RUNPATH_SEARCH_PATHS = (
					"$(inherited)",
					"@executable_path/Frameworks",
				);
				MARKETING_VERSION = 2.0;
				PRODUCT_BUNDLE_IDENTIFIER = com.hoge.game.marubatsu;
				PRODUCT_NAME = "$(TARGET_NAME)";
				SWIFT_VERSION = 5.0;
				TARGETED_DEVICE_FAMILY = "1,2";
			};
			name = Release;
		};
/* End XCBuildConfiguration section */

/* Begin XCConfigurationList section */
		F19A389F22E30C0A005EE895 /* Build configuration list for PBXProject "tic tac toe" */ = {
			isa = XCConfigurationList;
			buildConfigurations = (
				F19A38B422E30C0C005EE895 /* Debug */,
				F19A38B522E30C0C005EE895 /* Release */,
			);
			defaultConfigurationIsVisible = 0;
			defaultConfigurationName = Release;
		};
		F19A38B622E30C0C005EE895 /* Build configuration list for PBXNativeTarget "tic tac toe" */ = {
			isa = XCConfigurationList;
			buildConfigurations = (
				F19A38B722E30C0C005EE895 /* Debug */,
				F19A38B822E30C0C005EE895 /* Release */,
			);
			defaultConfigurationIsVisible = 0;
			defaultConfigurationName = Release;
		};
/* End XCConfigurationList section */
	};
	rootObject = F19A389C22E30C0A005EE895 /* Project object */;
}
